
Microsoft Visual Studio Solution File, Format Version 12.00
# Visual Studio Version 17
VisualStudioVersion = 17.3.32901.215
MinimumVisualStudioVersion = 10.0.40219.1
Project("{FAE04EC0-301F-11D3-BF4B-00C04F79EFBC}") = "Login Project", "Login Project\Login Project.csproj", "{EDBA4575-BD1C-4AFC-9D92-E0BD846396BA}"
EndProject
Global
	GlobalSection(SolutionConfigurationPlatforms) = preSolution
		Debug|Any CPU = Debug|Any CPU
		Release|Any CPU = Release|Any CPU
	EndGlobalSection
	GlobalSection(ProjectConfigurationPlatforms) = postSolution
		{EDBA4575-BD1C-4AFC-9D92-E0BD846396BA}.Debug|Any CPU.ActiveCfg = Debug|Any CPU
		{EDBA4575-BD1C-4AFC-9D92-E0BD846396BA}.Debug|Any CPU.Build.0 = Debug|Any CPU
		{EDBA4575-BD1C-4AFC-9D92-E0BD846396BA}.Release|Any CPU.ActiveCfg = Release|Any CPU
		{EDBA4575-BD1C-4AFC-9D92-E0BD846396BA}.Release|Any CPU.Build.0 = Release|Any CPU
	EndGlobalSection
	GlobalSection(SolutionProperties) = preSolution
		HideSolutionNode = FALSE
	EndGlobalSection
	GlobalSection(ExtensibilityGlobals) = postSolution
		SolutionGuid = {AD3AD205-28D8-4D60-B24C-70004176314C}
	EndGlobalSection
EndGlobal
